// !$*UTF8*$!
{
	archiveVersion = 1;
	classes = {
	};
	objectVersion = 77;
	objects = {

/* Begin PBXBuildFile section */
		3E4C86E72D5BF3E400440703 /* SDWebImageSwiftUI in Frameworks */ = {isa = PBXBuildFile; productRef = 3E4C86E62D5BF3E400440703 /* SDWebImageSwiftUI */; };
/* End PBXBuildFile section */

/* Begin PBXContainerItemProxy section */
		3EEE7B6C2D5AF00100FD40F3 /* PBXContainerItemProxy */ = {
			isa = PBXContainerItemProxy;
			containerPortal = 3EEE7B532D5AF00000FD40F3 /* Project object */;
			proxyType = 1;
			remoteGlobalIDString = 3EEE7B5A2D5AF00000FD40F3;
			remoteInfo = AIChatbot;
		};
		3EEE7B762D5AF00100FD40F3 /* PBXContainerItemProxy */ = {
			isa = PBXContainerItemProxy;
			containerPortal = 3EEE7B532D5AF00000FD40F3 /* Project object */;
			proxyType = 1;
			remoteGlobalIDString = 3EEE7B5A2D5AF00000FD40F3;
			remoteInfo = AIChatbot;
		};
/* End PBXContainerItemProxy section */

/* Begin PBXFileReference section */
		3EEE7B5B2D5AF00000FD40F3 /* AIChatbot.app */ = {isa = PBXFileReference; explicitFileType = wrapper.application; includeInIndex = 0; path = AIChatbot.app; sourceTree = BUILT_PRODUCTS_DIR; };
		3EEE7B6B2D5AF00100FD40F3 /* AIChatbotTests.xctest */ = {isa = PBXFileReference; explicitFileType = wrapper.cfbundle; includeInIndex = 0; path = AIChatbotTests.xctest; sourceTree = BUILT_PRODUCTS_DIR; };
		3EEE7B752D5AF00100FD40F3 /* AIChatbotUITests.xctest */ = {isa = PBXFileReference; explicitFileType = wrapper.cfbundle; includeInIndex = 0; path = AIChatbotUITests.xctest; sourceTree = BUILT_PRODUCTS_DIR; };
/* End PBXFileReference section */

/* Begin PBXFileSystemSynchronizedRootGroup section */
		3EEE7B5D2D5AF00000FD40F3 /* AIChatbot */ = {
			isa = PBXFileSystemSynchronizedRootGroup;
			path = AIChatbot;
			sourceTree = "<group>";
		};
		3EEE7B6E2D5AF00100FD40F3 /* AIChatbotTests */ = {
			isa = PBXFileSystemSynchronizedRootGroup;
			path = AIChatbotTests;
			sourceTree = "<group>";
		};
		3EEE7B782D5AF00100FD40F3 /* AIChatbotUITests */ = {
			isa = PBXFileSystemSynchronizedRootGroup;
			path = AIChatbotUITests;
			sourceTree = "<group>";
		};
/* End PBXFileSystemSynchronizedRootGroup section */

/* Begin PBXFrameworksBuildPhase section */
		3EEE7B582D5AF00000FD40F3 /* Frameworks */ = {
			isa = PBXFrameworksBuildPhase;
			buildActionMask = 2147483647;
			files = (
				3E4C86E72D5BF3E400440703 /* SDWebImageSwiftUI in Frameworks */,
			);
			runOnlyForDeploymentPostprocessing = 0;
		};
		3EEE7B682D5AF00100FD40F3 /* Frameworks */ = {
			isa = PBXFrameworksBuildPhase;
			buildActionMask = 2147483647;
			files = (
			);
			runOnlyForDeploymentPostprocessing = 0;
		};
		3EEE7B722D5AF00100FD40F3 /* Frameworks */ = {
			isa = PBXFrameworksBuildPhase;
			buildActionMask = 2147483647;
			files = (
			);
			runOnlyForDeploymentPostprocessing = 0;
		};
/* End PBXFrameworksBuildPhase section */

/* Begin PBXGroup section */
		3EEE7B522D5AF00000FD40F3 = {
			isa = PBXGroup;
			children = (
				3EEE7B5D2D5AF00000FD40F3 /* AIChatbot */,
				3EEE7B6E2D5AF00100FD40F3 /* AIChatbotTests */,
				3EEE7B782D5AF00100FD40F3 /* AIChatbotUITests */,
				3EEE7B5C2D5AF00000FD40F3 /* Products */,
			);
			sourceTree = "<group>";
		};
		3EEE7B5C2D5AF00000FD40F3 /* Products */ = {
			isa = PBXGroup;
			children = (
				3EEE7B5B2D5AF00000FD40F3 /* AIChatbot.app */,
				3EEE7B6B2D5AF00100FD40F3 /* AIChatbotTests.xctest */,
				3EEE7B752D5AF00100FD40F3 /* AIChatbotUITests.xctest */,
			);
			name = Products;
			sourceTree = "<group>";
		};
/* End PBXGroup section */

/* Begin PBXNativeTarget section */
		3EEE7B5A2D5AF00000FD40F3 /* AIChatbot */ = {
			isa = PBXNativeTarget;
			buildConfigurationList = 3EEE7B7F2D5AF00100FD40F3 /* Build configuration list for PBXNativeTarget "AIChatbot" */;
			buildPhases = (
				3EEE7B572D5AF00000FD40F3 /* Sources */,
				3EEE7B582D5AF00000FD40F3 /* Frameworks */,
				3EEE7B592D5AF00000FD40F3 /* Resources */,
				3E4C86BF2D5B88BB00440703 /* ShellScript */,
			);
			buildRules = (
			);
			dependencies = (
			);
			fileSystemSynchronizedGroups = (
				3EEE7B5D2D5AF00000FD40F3 /* AIChatbot */,
			);
			name = AIChatbot;
			packageProductDependencies = (
				3E4C86E62D5BF3E400440703 /* SDWebImageSwiftUI */,
			);
			productName = AIChatbot;
			productReference = 3EEE7B5B2D5AF00000FD40F3 /* AIChatbot.app */;
			productType = "com.apple.product-type.application";
		};
		3EEE7B6A2D5AF00100FD40F3 /* AIChatbotTests */ = {
			isa = PBXNativeTarget;
			buildConfigurationList = 3EEE7B822D5AF00100FD40F3 /* Build configuration list for PBXNativeTarget "AIChatbotTests" */;
			buildPhases = (
				3EEE7B672D5AF00100FD40F3 /* Sources */,
				3EEE7B682D5AF00100FD40F3 /* Frameworks */,
				3EEE7B692D5AF00100FD40F3 /* Resources */,
			);
			buildRules = (
			);
			dependencies = (
				3EEE7B6D2D5AF00100FD40F3 /* PBXTargetDependency */,
			);
			fileSystemSynchronizedGroups = (
				3EEE7B6E2D5AF00100FD40F3 /* AIChatbotTests */,
			);
			name = AIChatbotTests;
			packageProductDependencies = (
			);
			productName = AIChatbotTests;
			productReference = 3EEE7B6B2D5AF00100FD40F3 /* AIChatbotTests.xctest */;
			productType = "com.apple.product-type.bundle.unit-test";
		};
		3EEE7B742D5AF00100FD40F3 /* AIChatbotUITests */ = {
			isa = PBXNativeTarget;
			buildConfigurationList = 3EEE7B852D5AF00100FD40F3 /* Build configuration list for PBXNativeTarget "AIChatbotUITests" */;
			buildPhases = (
				3EEE7B712D5AF00100FD40F3 /* Sources */,
				3EEE7B722D5AF00100FD40F3 /* Frameworks */,
				3EEE7B732D5AF00100FD40F3 /* Resources */,
			);
			buildRules = (
			);
			dependencies = (
				3EEE7B772D5AF00100FD40F3 /* PBXTargetDependency */,
			);
			fileSystemSynchronizedGroups = (
				3EEE7B782D5AF00100FD40F3 /* AIChatbotUITests */,
			);
			name = AIChatbotUITests;
			packageProductDependencies = (
			);
			productName = AIChatbotUITests;
			productReference = 3EEE7B752D5AF00100FD40F3 /* AIChatbotUITests.xctest */;
			productType = "com.apple.product-type.bundle.ui-testing";
		};
/* End PBXNativeTarget section */

/* Begin PBXProject section */
		3EEE7B532D5AF00000FD40F3 /* Project object */ = {
			isa = PBXProject;
			attributes = {
				BuildIndependentTargetsInParallel = 1;
				LastSwiftUpdateCheck = 1610;
				LastUpgradeCheck = 1610;
				TargetAttributes = {
					3EEE7B5A2D5AF00000FD40F3 = {
						CreatedOnToolsVersion = 16.1;
					};
					3EEE7B6A2D5AF00100FD40F3 = {
						CreatedOnToolsVersion = 16.1;
						TestTargetID = 3EEE7B5A2D5AF00000FD40F3;
					};
					3EEE7B742D5AF00100FD40F3 = {
						CreatedOnToolsVersion = 16.1;
						TestTargetID = 3EEE7B5A2D5AF00000FD40F3;
					};
				};
			};
			buildConfigurationList = 3EEE7B562D5AF00000FD40F3 /* Build configuration list for PBXProject "AIChatbot" */;
			developmentRegion = en;
			hasScannedForEncodings = 0;
			knownRegions = (
				en,
				Base,
			);
			mainGroup = 3EEE7B522D5AF00000FD40F3;
			minimizedProjectReferenceProxies = 1;
			packageReferences = (
				3E4C86E52D5BF3E400440703 /* XCRemoteSwiftPackageReference "SDWebImageSwiftUI" */,
			);
			preferredProjectObjectVersion = 77;
			productRefGroup = 3EEE7B5C2D5AF00000FD40F3 /* Products */;
			projectDirPath = "";
			projectRoot = "";
			targets = (
				3EEE7B5A2D5AF00000FD40F3 /* AIChatbot */,
				3EEE7B6A2D5AF00100FD40F3 /* AIChatbotTests */,
				3EEE7B742D5AF00100FD40F3 /* AIChatbotUITests */,
			);
		};
/* End PBXProject section */

/* Begin PBXResourcesBuildPhase section */
		3EEE7B592D5AF00000FD40F3 /* Resources */ = {
			isa = PBXResourcesBuildPhase;
			buildActionMask = 2147483647;
			files = (
			);
			runOnlyForDeploymentPostprocessing = 0;
		};
		3EEE7B692D5AF00100FD40F3 /* Resources */ = {
			isa = PBXResourcesBuildPhase;
			buildActionMask = 2147483647;
			files = (
			);
			runOnlyForDeploymentPostprocessing = 0;
		};
		3EEE7B732D5AF00100FD40F3 /* Resources */ = {
			isa = PBXResourcesBuildPhase;
			buildActionMask = 2147483647;
			files = (
			);
			runOnlyForDeploymentPostprocessing = 0;
		};
/* End PBXResourcesBuildPhase section */

/* Begin PBXShellScriptBuildPhase section */
		3E4C86BF2D5B88BB00440703 /* ShellScript */ = {
			isa = PBXShellScriptBuildPhase;
			alwaysOutOfDate = 1;
			buildActionMask = 2147483647;
			files = (
			);
			inputFileListPaths = (
			);
			inputPaths = (
			);
			outputFileListPaths = (
			);
			outputPaths = (
			);
			runOnlyForDeploymentPostprocessing = 0;
			shellPath = /bin/sh;
			shellScript = "if [[ -z \"$CI\" ]]; then\n    if [[ \"$(uname -m)\" == arm64 ]]; then\n        export PATH=\"/opt/homebrew/bin:$PATH\"\n    fi\n\n    # Check if running in a SwiftUI preview\n    if [ \"$XCODE_RUNNING_FOR_PREVIEWS\" != \"1\" ]; then\n        if which swiftlint > /dev/null; then\n            swiftlint # Uncomment if you want to auto-fix: swiftlint --fix &&\n        else\n            echo \"warning: SwiftLint not installed, download from https://github.com/realm/SwiftLint\"\n        fi\n    fi\nelse \n    # Running Xcode Cloud\n    echo \"Running in Xcode Cloud. Skipping SwiftLint.\"\nfi\n";
			showEnvVarsInLog = 0;
		};
/* End PBXShellScriptBuildPhase section */

/* Begin PBXSourcesBuildPhase section */
		3EEE7B572D5AF00000FD40F3 /* Sources */ = {
			isa = PBXSourcesBuildPhase;
			buildActionMask = 2147483647;
			files = (
			);
			runOnlyForDeploymentPostprocessing = 0;
		};
		3EEE7B672D5AF00100FD40F3 /* Sources */ = {
			isa = PBXSourcesBuildPhase;
			buildActionMask = 2147483647;
			files = (
			);
			runOnlyForDeploymentPostprocessing = 0;
		};
		3EEE7B712D5AF00100FD40F3 /* Sources */ = {
			isa = PBXSourcesBuildPhase;
			buildActionMask = 2147483647;
			files = (
			);
			runOnlyForDeploymentPostprocessing = 0;
		};
/* End PBXSourcesBuildPhase section */

/* Begin PBXTargetDependency section */
		3EEE7B6D2D5AF00100FD40F3 /* PBXTargetDependency */ = {
			isa = PBXTargetDependency;
			target = 3EEE7B5A2D5AF00000FD40F3 /* AIChatbot */;
			targetProxy = 3EEE7B6C2D5AF00100FD40F3 /* PBXContainerItemProxy */;
		};
		3EEE7B772D5AF00100FD40F3 /* PBXTargetDependency */ = {
			isa = PBXTargetDependency;
			target = 3EEE7B5A2D5AF00000FD40F3 /* AIChatbot */;
			targetProxy = 3EEE7B762D5AF00100FD40F3 /* PBXContainerItemProxy */;
		};
/* End PBXTargetDependency section */

/* Begin XCBuildConfiguration section */
		3EEE7B7D2D5AF00100FD40F3 /* Debug */ = {
			isa = XCBuildConfiguration;
			buildSettings = {
				ALWAYS_SEARCH_USER_PATHS = NO;
				ASSETCATALOG_COMPILER_GENERATE_SWIFT_ASSET_SYMBOL_EXTENSIONS = YES;
				CLANG_ANALYZER_NONNULL = YES;
				CLANG_ANALYZER_NUMBER_OBJECT_CONVERSION = YES_AGGRESSIVE;
				CLANG_CXX_LANGUAGE_STANDARD = "gnu++20";
				CLANG_ENABLE_MODULES = YES;
				CLANG_ENABLE_OBJC_ARC = YES;
				CLANG_ENABLE_OBJC_WEAK = YES;
				CLANG_WARN_BLOCK_CAPTURE_AUTORELEASING = YES;
				CLANG_WARN_BOOL_CONVERSION = YES;
				CLANG_WARN_COMMA = YES;
				CLANG_WARN_CONSTANT_CONVERSION = YES;
				CLANG_WARN_DEPRECATED_OBJC_IMPLEMENTATIONS = YES;
				CLANG_WARN_DIRECT_OBJC_ISA_USAGE = YES_ERROR;
				CLANG_WARN_DOCUMENTATION_COMMENTS = YES;
				CLANG_WARN_EMPTY_BODY = YES;
				CLANG_WARN_ENUM_CONVERSION = YES;
				CLANG_WARN_INFINITE_RECURSION = YES;
				CLANG_WARN_INT_CONVERSION = YES;
				CLANG_WARN_NON_LITERAL_NULL_CONVERSION = YES;
				CLANG_WARN_OBJC_IMPLICIT_RETAIN_SELF = YES;
				CLANG_WARN_OBJC_LITERAL_CONVERSION = YES;
				CLANG_WARN_OBJC_ROOT_CLASS = YES_ERROR;
				CLANG_WARN_QUOTED_INCLUDE_IN_FRAMEWORK_HEADER = YES;
				CLANG_WARN_RANGE_LOOP_ANALYSIS = YES;
				CLANG_WARN_STRICT_PROTOTYPES = YES;
				CLANG_WARN_SUSPICIOUS_MOVE = YES;
				CLANG_WARN_UNGUARDED_AVAILABILITY = YES_AGGRESSIVE;
				CLANG_WARN_UNREACHABLE_CODE = YES;
				CLANG_WARN__DUPLICATE_METHOD_MATCH = YES;
				COPY_PHASE_STRIP = NO;
				DEBUG_INFORMATION_FORMAT = dwarf;
				ENABLE_STRICT_OBJC_MSGSEND = YES;
				ENABLE_TESTABILITY = YES;
				ENABLE_USER_SCRIPT_SANDBOXING = YES;
				GCC_C_LANGUAGE_STANDARD = gnu17;
				GCC_DYNAMIC_NO_PIC = NO;
				GCC_NO_COMMON_BLOCKS = YES;
				GCC_OPTIMIZATION_LEVEL = 0;
				GCC_PREPROCESSOR_DEFINITIONS = (
					"DEBUG=1",
					"$(inherited)",
				);
				GCC_WARN_64_TO_32_BIT_CONVERSION = YES;
				GCC_WARN_ABOUT_RETURN_TYPE = YES_ERROR;
				GCC_WARN_UNDECLARED_SELECTOR = YES;
				GCC_WARN_UNINITIALIZED_AUTOS = YES_AGGRESSIVE;
				GCC_WARN_UNUSED_FUNCTION = YES;
				GCC_WARN_UNUSED_VARIABLE = YES;
				IPHONEOS_DEPLOYMENT_TARGET = 18.1;
				LOCALIZATION_PREFERS_STRING_CATALOGS = YES;
				MTL_ENABLE_DEBUG_INFO = INCLUDE_SOURCE;
				MTL_FAST_MATH = YES;
				ONLY_ACTIVE_ARCH = YES;
				SDKROOT = iphoneos;
				SWIFT_ACTIVE_COMPILATION_CONDITIONS = "DEBUG $(inherited)";
				SWIFT_OPTIMIZATION_LEVEL = "-Onone";
			};
			name = Debug;
		};
		3EEE7B7E2D5AF00100FD40F3 /* Release */ = {
			isa = XCBuildConfiguration;
			buildSettings = {
				ALWAYS_SEARCH_USER_PATHS = NO;
				ASSETCATALOG_COMPILER_GENERATE_SWIFT_ASSET_SYMBOL_EXTENSIONS = YES;
				CLANG_ANALYZER_NONNULL = YES;
				CLANG_ANALYZER_NUMBER_OBJECT_CONVERSION = YES_AGGRESSIVE;
				CLANG_CXX_LANGUAGE_STANDARD = "gnu++20";
				CLANG_ENABLE_MODULES = YES;
				CLANG_ENABLE_OBJC_ARC = YES;
				CLANG_ENABLE_OBJC_WEAK = YES;
				CLANG_WARN_BLOCK_CAPTURE_AUTORELEASING = YES;
				CLANG_WARN_BOOL_CONVERSION = YES;
				CLANG_WARN_COMMA = YES;
				CLANG_WARN_CONSTANT_CONVERSION = YES;
				CLANG_WARN_DEPRECATED_OBJC_IMPLEMENTATIONS = YES;
				CLANG_WARN_DIRECT_OBJC_ISA_USAGE = YES_ERROR;
				CLANG_WARN_DOCUMENTATION_COMMENTS = YES;
				CLANG_WARN_EMPTY_BODY = YES;
				CLANG_WARN_ENUM_CONVERSION = YES;
				CLANG_WARN_INFINITE_RECURSION = YES;
				CLANG_WARN_INT_CONVERSION = YES;
				CLANG_WARN_NON_LITERAL_NULL_CONVERSION = YES;
				CLANG_WARN_OBJC_IMPLICIT_RETAIN_SELF = YES;
				CLANG_WARN_OBJC_LITERAL_CONVERSION = YES;
				CLANG_WARN_OBJC_ROOT_CLASS = YES_ERROR;
				CLANG_WARN_QUOTED_INCLUDE_IN_FRAMEWORK_HEADER = YES;
				CLANG_WARN_RANGE_LOOP_ANALYSIS = YES;
				CLANG_WARN_STRICT_PROTOTYPES = YES;
				CLANG_WARN_SUSPICIOUS_MOVE = YES;
				CLANG_WARN_UNGUARDED_AVAILABILITY = YES_AGGRESSIVE;
				CLANG_WARN_UNREACHABLE_CODE = YES;
				CLANG_WARN__DUPLICATE_METHOD_MATCH = YES;
				COPY_PHASE_STRIP = NO;
				DEBUG_INFORMATION_FORMAT = "dwarf-with-dsym";
				ENABLE_NS_ASSERTIONS = NO;
				ENABLE_STRICT_OBJC_MSGSEND = YES;
				ENABLE_USER_SCRIPT_SANDBOXING = YES;
				GCC_C_LANGUAGE_STANDARD = gnu17;
				GCC_NO_COMMON_BLOCKS = YES;
				GCC_WARN_64_TO_32_BIT_CONVERSION = YES;
				GCC_WARN_ABOUT_RETURN_TYPE = YES_ERROR;
				GCC_WARN_UNDECLARED_SELECTOR = YES;
				GCC_WARN_UNINITIALIZED_AUTOS = YES_AGGRESSIVE;
				GCC_WARN_UNUSED_FUNCTION = YES;
				GCC_WARN_UNUSED_VARIABLE = YES;
				IPHONEOS_DEPLOYMENT_TARGET = 18.1;
				LOCALIZATION_PREFERS_STRING_CATALOGS = YES;
				MTL_ENABLE_DEBUG_INFO = NO;
				MTL_FAST_MATH = YES;
				SDKROOT = iphoneos;
				SWIFT_COMPILATION_MODE = wholemodule;
				VALIDATE_PRODUCT = YES;
			};
			name = Release;
		};
		3EEE7B802D5AF00100FD40F3 /* Debug */ = {
			isa = XCBuildConfiguration;
			buildSettings = {
				ASSETCATALOG_COMPILER_APPICON_NAME = AppIcon;
				ASSETCATALOG_COMPILER_GLOBAL_ACCENT_COLOR_NAME = AccentColor;
				CODE_SIGN_ENTITLEMENTS = AIChatbot/AIChatbot.entitlements;
				CODE_SIGN_STYLE = Automatic;
				CURRENT_PROJECT_VERSION = 1;
				DEVELOPMENT_ASSET_PATHS = "\"AIChatbot/Preview Content\"";
				DEVELOPMENT_TEAM = 493U7G6GTN;
				ENABLE_PREVIEWS = YES;
				ENABLE_USER_SCRIPT_SANDBOXING = NO;
				GENERATE_INFOPLIST_FILE = YES;
				INFOPLIST_KEY_CFBundleDisplayName = "AI Chat";
				INFOPLIST_KEY_UIApplicationSceneManifest_Generation = YES;
				INFOPLIST_KEY_UIApplicationSupportsIndirectInputEvents = YES;
				INFOPLIST_KEY_UILaunchScreen_Generation = YES;
				INFOPLIST_KEY_UILaunchStoryboardName = LaunchScreen;
				INFOPLIST_KEY_UISupportedInterfaceOrientations_iPad = "UIInterfaceOrientationPortrait UIInterfaceOrientationPortraitUpsideDown UIInterfaceOrientationLandscapeLeft UIInterfaceOrientationLandscapeRight";
				INFOPLIST_KEY_UISupportedInterfaceOrientations_iPhone = "UIInterfaceOrientationPortrait UIInterfaceOrientationLandscapeLeft UIInterfaceOrientationLandscapeRight";
				IPHONEOS_DEPLOYMENT_TARGET = 17.6;
				LD_RUNPATH_SEARCH_PATHS = (
					"$(inherited)",
					"@executable_path/Frameworks",
				);
				MARKETING_VERSION = 1.0;
				PRODUCT_BUNDLE_IDENTIFIER = com.devsmond.AIChatbot;
				PRODUCT_NAME = "$(TARGET_NAME)";
				SUPPORTED_PLATFORMS = "iphoneos iphonesimulator";
				SUPPORTS_MACCATALYST = YES;
				SUPPORTS_MAC_DESIGNED_FOR_IPHONE_IPAD = NO;
				SUPPORTS_XR_DESIGNED_FOR_IPHONE_IPAD = NO;
				SWIFT_EMIT_LOC_STRINGS = YES;
				SWIFT_VERSION = 6.0;
				TARGETED_DEVICE_FAMILY = "1,2";
			};
			name = Debug;
		};
		3EEE7B812D5AF00100FD40F3 /* Release */ = {
			isa = XCBuildConfiguration;
			buildSettings = {
				ASSETCATALOG_COMPILER_APPICON_NAME = AppIcon;
				ASSETCATALOG_COMPILER_GLOBAL_ACCENT_COLOR_NAME = AccentColor;
				CODE_SIGN_ENTITLEMENTS = AIChatbot/AIChatbot.entitlements;
				CODE_SIGN_STYLE = Automatic;
				CURRENT_PROJECT_VERSION = 1;
				DEVELOPMENT_ASSET_PATHS = "\"AIChatbot/Preview Content\"";
				DEVELOPMENT_TEAM = 493U7G6GTN;
				ENABLE_PREVIEWS = YES;
				ENABLE_USER_SCRIPT_SANDBOXING = NO;
				GENERATE_INFOPLIST_FILE = YES;
				INFOPLIST_KEY_CFBundleDisplayName = "AI Chat";
				INFOPLIST_KEY_UIApplicationSceneManifest_Generation = YES;
				INFOPLIST_KEY_UIApplicationSupportsIndirectInputEvents = YES;
				INFOPLIST_KEY_UILaunchScreen_Generation = YES;
				INFOPLIST_KEY_UILaunchStoryboardName = LaunchScreen;
				INFOPLIST_KEY_UISupportedInterfaceOrientations_iPad = "UIInterfaceOrientationPortrait UIInterfaceOrientationPortraitUpsideDown UIInterfaceOrientationLandscapeLeft UIInterfaceOrientationLandscapeRight";
				INFOPLIST_KEY_UISupportedInterfaceOrientations_iPhone = "UIInterfaceOrientationPortrait UIInterfaceOrientationLandscapeLeft UIInterfaceOrientationLandscapeRight";
				IPHONEOS_DEPLOYMENT_TARGET = 17.6;
				LD_RUNPATH_SEARCH_PATHS = (
					"$(inherited)",
					"@executable_path/Frameworks",
				);
				MARKETING_VERSION = 1.0;
				PRODUCT_BUNDLE_IDENTIFIER = com.devsmond.AIChatbot;
				PRODUCT_NAME = "$(TARGET_NAME)";
				SUPPORTED_PLATFORMS = "iphoneos iphonesimulator";
				SUPPORTS_MACCATALYST = YES;
				SUPPORTS_MAC_DESIGNED_FOR_IPHONE_IPAD = NO;
				SUPPORTS_XR_DESIGNED_FOR_IPHONE_IPAD = NO;
				SWIFT_EMIT_LOC_STRINGS = YES;
				SWIFT_VERSION = 6.0;
				TARGETED_DEVICE_FAMILY = "1,2";
			};
			name = Release;
		};
		3EEE7B832D5AF00100FD40F3 /* Debug */ = {
			isa = XCBuildConfiguration;
			buildSettings = {
				BUNDLE_LOADER = "$(TEST_HOST)";
				CODE_SIGN_STYLE = Automatic;
				CURRENT_PROJECT_VERSION = 1;
				DEVELOPMENT_TEAM = G9RPYMS2PA;
				GENERATE_INFOPLIST_FILE = YES;
				IPHONEOS_DEPLOYMENT_TARGET = 18.1;
				MARKETING_VERSION = 1.0;
				PRODUCT_BUNDLE_IDENTIFIER = com.devsmond.AIChatbotTests;
				PRODUCT_NAME = "$(TARGET_NAME)";
				SWIFT_EMIT_LOC_STRINGS = NO;
				SWIFT_VERSION = 5.0;
				TARGETED_DEVICE_FAMILY = "1,2";
				TEST_HOST = "$(BUILT_PRODUCTS_DIR)/AIChatbot.app/$(BUNDLE_EXECUTABLE_FOLDER_PATH)/AIChatbot";
			};
			name = Debug;
		};
		3EEE7B842D5AF00100FD40F3 /* Release */ = {
			isa = XCBuildConfiguration;
			buildSettings = {
				BUNDLE_LOADER = "$(TEST_HOST)";
				CODE_SIGN_STYLE = Automatic;
				CURRENT_PROJECT_VERSION = 1;
				DEVELOPMENT_TEAM = G9RPYMS2PA;
				GENERATE_INFOPLIST_FILE = YES;
				IPHONEOS_DEPLOYMENT_TARGET = 18.1;
				MARKETING_VERSION = 1.0;
				PRODUCT_BUNDLE_IDENTIFIER = com.devsmond.AIChatbotTests;
				PRODUCT_NAME = "$(TARGET_NAME)";
				SWIFT_EMIT_LOC_STRINGS = NO;
				SWIFT_VERSION = 5.0;
				TARGETED_DEVICE_FAMILY = "1,2";
				TEST_HOST = "$(BUILT_PRODUCTS_DIR)/AIChatbot.app/$(BUNDLE_EXECUTABLE_FOLDER_PATH)/AIChatbot";
			};
			name = Release;
		};
		3EEE7B862D5AF00100FD40F3 /* Debug */ = {
			isa = XCBuildConfiguration;
			buildSettings = {
				CODE_SIGN_STYLE = Automatic;
				CURRENT_PROJECT_VERSION = 1;
				DEVELOPMENT_TEAM = G9RPYMS2PA;
				GENERATE_INFOPLIST_FILE = YES;
				MARKETING_VERSION = 1.0;
				PRODUCT_BUNDLE_IDENTIFIER = com.devsmond.AIChatbotUITests;
				PRODUCT_NAME = "$(TARGET_NAME)";
				SWIFT_EMIT_LOC_STRINGS = NO;
				SWIFT_VERSION = 5.0;
				TARGETED_DEVICE_FAMILY = "1,2";
				TEST_TARGET_NAME = AIChatbot;
			};
			name = Debug;
		};
		3EEE7B872D5AF00100FD40F3 /* Release */ = {
			isa = XCBuildConfiguration;
			buildSettings = {
				CODE_SIGN_STYLE = Automatic;
				CURRENT_PROJECT_VERSION = 1;
				DEVELOPMENT_TEAM = G9RPYMS2PA;
				GENERATE_INFOPLIST_FILE = YES;
				MARKETING_VERSION = 1.0;
				PRODUCT_BUNDLE_IDENTIFIER = com.devsmond.AIChatbotUITests;
				PRODUCT_NAME = "$(TARGET_NAME)";
				SWIFT_EMIT_LOC_STRINGS = NO;
				SWIFT_VERSION = 5.0;
				TARGETED_DEVICE_FAMILY = "1,2";
				TEST_TARGET_NAME = AIChatbot;
			};
			name = Release;
		};
/* End XCBuildConfiguration section */

/* Begin XCConfigurationList section */
		3EEE7B562D5AF00000FD40F3 /* Build configuration list for PBXProject "AIChatbot" */ = {
			isa = XCConfigurationList;
			buildConfigurations = (
				3EEE7B7D2D5AF00100FD40F3 /* Debug */,
				3EEE7B7E2D5AF00100FD40F3 /* Release */,
			);
			defaultConfigurationIsVisible = 0;
			defaultConfigurationName = Release;
		};
		3EEE7B7F2D5AF00100FD40F3 /* Build configuration list for PBXNativeTarget "AIChatbot" */ = {
			isa = XCConfigurationList;
			buildConfigurations = (
				3EEE7B802D5AF00100FD40F3 /* Debug */,
				3EEE7B812D5AF00100FD40F3 /* Release */,
			);
			defaultConfigurationIsVisible = 0;
			defaultConfigurationName = Release;
		};
		3EEE7B822D5AF00100FD40F3 /* Build configuration list for PBXNativeTarget "AIChatbotTests" */ = {
			isa = XCConfigurationList;
			buildConfigurations = (
				3EEE7B832D5AF00100FD40F3 /* Debug */,
				3EEE7B842D5AF00100FD40F3 /* Release */,
			);
			defaultConfigurationIsVisible = 0;
			defaultConfigurationName = Release;
		};
		3EEE7B852D5AF00100FD40F3 /* Build configuration list for PBXNativeTarget "AIChatbotUITests" */ = {
			isa = XCConfigurationList;
			buildConfigurations = (
				3EEE7B862D5AF00100FD40F3 /* Debug */,
				3EEE7B872D5AF00100FD40F3 /* Release */,
			);
			defaultConfigurationIsVisible = 0;
			defaultConfigurationName = Release;
		};
/* End XCConfigurationList section */

/* Begin XCRemoteSwiftPackageReference section */
		3E4C86E52D5BF3E400440703 /* XCRemoteSwiftPackageReference "SDWebImageSwiftUI" */ = {
			isa = XCRemoteSwiftPackageReference;
			repositoryURL = "https://github.com/SDWebImage/SDWebImageSwiftUI.git";
			requirement = {
				kind = upToNextMajorVersion;
				minimumVersion = 3.1.3;
			};
		};
/* End XCRemoteSwiftPackageReference section */

/* Begin XCSwiftPackageProductDependency section */
		3E4C86E62D5BF3E400440703 /* SDWebImageSwiftUI */ = {
			isa = XCSwiftPackageProductDependency;
			package = 3E4C86E52D5BF3E400440703 /* XCRemoteSwiftPackageReference "SDWebImageSwiftUI" */;
			productName = SDWebImageSwiftUI;
		};
/* End XCSwiftPackageProductDependency section */
	};
	rootObject = 3EEE7B532D5AF00000FD40F3 /* Project object */;
}
