// !$*UTF8*$!
{
	archiveVersion = 1;
	classes = {
	};
	objectVersion = 77;
	objects = {

/* Begin PBXBuildFile section */
		3E3A6A912D8A3588009E07B4 /* FirebaseRemoteConfig in Frameworks */ = {isa = PBXBuildFile; productRef = 3E3A6A902D8A3588009E07B4 /* FirebaseRemoteConfig */; };
		3E4C86E72D5BF3E400440703 /* SDWebImageSwiftUI in Frameworks */ = {isa = PBXBuildFile; productRef = 3E4C86E62D5BF3E400440703 /* SDWebImageSwiftUI */; };
		3E4D30B22D7509F40086239E /* FirebaseAuth in Frameworks */ = {isa = PBXBuildFile; productRef = 3E4D30B12D7509F40086239E /* FirebaseAuth */; };
		3E4D30BD2D7516690086239E /* SignInAppleAsync in Frameworks */ = {isa = PBXBuildFile; productRef = 3E4D30BC2D7516690086239E /* SignInAppleAsync */; };
		3E50DCAD2D77D53100BC15B3 /* FirebaseStorage in Frameworks */ = {isa = PBXBuildFile; productRef = 3E50DCAC2D77D53100BC15B3 /* FirebaseStorage */; };
		3E6BC5EB2D8C634E00268F31 /* RevenueCat in Frameworks */ = {isa = PBXBuildFile; productRef = 3E6BC5EA2D8C634E00268F31 /* RevenueCat */; };
		3E6BC5ED2D8C634E00268F31 /* RevenueCatUI in Frameworks */ = {isa = PBXBuildFile; productRef = 3E6BC5EC2D8C634E00268F31 /* RevenueCatUI */; };
		3E6C56E02DA7F98700E9A8ED /* SwiftfulRouting in Frameworks */ = {isa = PBXBuildFile; productRef = 3E6C56DF2DA7F98700E9A8ED /* SwiftfulRouting */; };
		3E6C56E32DA80E3D00E9A8ED /* SwiftfulAuthUI in Frameworks */ = {isa = PBXBuildFile; productRef = 3E6C56E22DA80E3D00E9A8ED /* SwiftfulAuthUI */; };
		3E6C56E52DA80E3D00E9A8ED /* SwiftfulAuthenticating in Frameworks */ = {isa = PBXBuildFile; productRef = 3E6C56E42DA80E3D00E9A8ED /* SwiftfulAuthenticating */; };
		3E6C56E82DA80EA700E9A8ED /* SwiftfulAuthenticatingFirebase in Frameworks */ = {isa = PBXBuildFile; productRef = 3E6C56E72DA80EA700E9A8ED /* SwiftfulAuthenticatingFirebase */; };
		3E70F03C2D8B0557004BC604 /* StoreKit.framework in Frameworks */ = {isa = PBXBuildFile; fileRef = 3E70F03B2D8B0557004BC604 /* StoreKit.framework */; };
		3E7BD2822D8649A40091F2C3 /* FirebaseFunctions in Frameworks */ = {isa = PBXBuildFile; productRef = 3E7BD2812D8649A40091F2C3 /* FirebaseFunctions */; };
		3E8AF2F02D768A8A002B1609 /* FirebaseFirestore in Frameworks */ = {isa = PBXBuildFile; productRef = 3E8AF2EF2D768A8A002B1609 /* FirebaseFirestore */; };
		3E8AF2F32D769096002B1609 /* SwiftfulFirestore in Frameworks */ = {isa = PBXBuildFile; productRef = 3E8AF2F22D769096002B1609 /* SwiftfulFirestore */; };
		3E99E7C92D6C074900BEB5B4 /* SwiftfulUtilities in Frameworks */ = {isa = PBXBuildFile; productRef = 3E99E7C82D6C074900BEB5B4 /* SwiftfulUtilities */; };
		3EEF79CB2D7FAE550038970D /* FirebaseAnalytics in Frameworks */ = {isa = PBXBuildFile; productRef = 3EEF79CA2D7FAE550038970D /* FirebaseAnalytics */; };
		3EEF79D02D7FB8DB0038970D /* Mixpanel in Frameworks */ = {isa = PBXBuildFile; productRef = 3EEF79CF2D7FB8DB0038970D /* Mixpanel */; };
		3EEF79D42D7FC1930038970D /* FirebaseCrashlytics in Frameworks */ = {isa = PBXBuildFile; productRef = 3EEF79D32D7FC1930038970D /* FirebaseCrashlytics */; };
/* End PBXBuildFile section */

/* Begin PBXContainerItemProxy section */
		3E3A6AB82D8E4CA8009E07B4 /* PBXContainerItemProxy */ = {
			isa = PBXContainerItemProxy;
			containerPortal = 3EEE7B532D5AF00000FD40F3 /* Project object */;
			proxyType = 1;
			remoteGlobalIDString = 3EEE7B5A2D5AF00000FD40F3;
			remoteInfo = AIChatbot;
		};
		3E71772D2D8EFFA9005499E9 /* PBXContainerItemProxy */ = {
			isa = PBXContainerItemProxy;
			containerPortal = 3EEE7B532D5AF00000FD40F3 /* Project object */;
			proxyType = 1;
			remoteGlobalIDString = 3EEE7B5A2D5AF00000FD40F3;
			remoteInfo = AIChatbot;
		};
/* End PBXContainerItemProxy section */

/* Begin PBXFileReference section */
		3E3A6AB42D8E4CA8009E07B4 /* AIChatTests.xctest */ = {isa = PBXFileReference; explicitFileType = wrapper.cfbundle; includeInIndex = 0; path = AIChatTests.xctest; sourceTree = BUILT_PRODUCTS_DIR; };
		3E70F03B2D8B0557004BC604 /* StoreKit.framework */ = {isa = PBXFileReference; lastKnownFileType = wrapper.framework; name = StoreKit.framework; path = System/Library/Frameworks/StoreKit.framework; sourceTree = SDKROOT; };
		3E7177272D8EFFA9005499E9 /* AIChatUITests.xctest */ = {isa = PBXFileReference; explicitFileType = wrapper.cfbundle; includeInIndex = 0; path = AIChatUITests.xctest; sourceTree = BUILT_PRODUCTS_DIR; };
		3EEE7B5B2D5AF00000FD40F3 /* AIChatbot.app */ = {isa = PBXFileReference; explicitFileType = wrapper.application; includeInIndex = 0; path = AIChatbot.app; sourceTree = BUILT_PRODUCTS_DIR; };
/* End PBXFileReference section */

/* Begin PBXFileSystemSynchronizedBuildFileExceptionSet section */
		3E0D997B2D7E614100984A0F /* Exceptions for "AIChatbot" folder in "AIChatbot" target */ = {
			isa = PBXFileSystemSynchronizedBuildFileExceptionSet;
			membershipExceptions = (
				Info.plist,
			);
			target = 3EEE7B5A2D5AF00000FD40F3 /* AIChatbot */;
		};
/* End PBXFileSystemSynchronizedBuildFileExceptionSet section */

/* Begin PBXFileSystemSynchronizedRootGroup section */
		3E3A6AB52D8E4CA8009E07B4 /* AIChatTests */ = {
			isa = PBXFileSystemSynchronizedRootGroup;
			path = AIChatTests;
			sourceTree = "<group>";
		};
		3E7177282D8EFFA9005499E9 /* AIChatUITests */ = {
			isa = PBXFileSystemSynchronizedRootGroup;
			path = AIChatUITests;
			sourceTree = "<group>";
		};
		3EEE7B5D2D5AF00000FD40F3 /* AIChatbot */ = {
			isa = PBXFileSystemSynchronizedRootGroup;
			exceptions = (
				3E0D997B2D7E614100984A0F /* Exceptions for "AIChatbot" folder in "AIChatbot" target */,
			);
			path = AIChatbot;
			sourceTree = "<group>";
		};
/* End PBXFileSystemSynchronizedRootGroup section */

/* Begin PBXFrameworksBuildPhase section */
		3E3A6AB12D8E4CA8009E07B4 /* Frameworks */ = {
			isa = PBXFrameworksBuildPhase;
			buildActionMask = 2147483647;
			files = (
			);
			runOnlyForDeploymentPostprocessing = 0;
		};
		3E7177242D8EFFA9005499E9 /* Frameworks */ = {
			isa = PBXFrameworksBuildPhase;
			buildActionMask = 2147483647;
			files = (
			);
			runOnlyForDeploymentPostprocessing = 0;
		};
		3EEE7B582D5AF00000FD40F3 /* Frameworks */ = {
			isa = PBXFrameworksBuildPhase;
			buildActionMask = 2147483647;
			files = (
				3E6C56E82DA80EA700E9A8ED /* SwiftfulAuthenticatingFirebase in Frameworks */,
				3E6C56E32DA80E3D00E9A8ED /* SwiftfulAuthUI in Frameworks */,
				3E4D30BD2D7516690086239E /* SignInAppleAsync in Frameworks */,
				3E4C86E72D5BF3E400440703 /* SDWebImageSwiftUI in Frameworks */,
				3E6BC5EB2D8C634E00268F31 /* RevenueCat in Frameworks */,
				3E8AF2F32D769096002B1609 /* SwiftfulFirestore in Frameworks */,
				3E3A6A912D8A3588009E07B4 /* FirebaseRemoteConfig in Frameworks */,
				3E7BD2822D8649A40091F2C3 /* FirebaseFunctions in Frameworks */,
				3E4D30B22D7509F40086239E /* FirebaseAuth in Frameworks */,
				3EEF79D42D7FC1930038970D /* FirebaseCrashlytics in Frameworks */,
				3E6BC5ED2D8C634E00268F31 /* RevenueCatUI in Frameworks */,
				3E50DCAD2D77D53100BC15B3 /* FirebaseStorage in Frameworks */,
				3EEF79D02D7FB8DB0038970D /* Mixpanel in Frameworks */,
				3E6C56E52DA80E3D00E9A8ED /* SwiftfulAuthenticating in Frameworks */,
				3E6C56E02DA7F98700E9A8ED /* SwiftfulRouting in Frameworks */,
				3E8AF2F02D768A8A002B1609 /* FirebaseFirestore in Frameworks */,
				3E99E7C92D6C074900BEB5B4 /* SwiftfulUtilities in Frameworks */,
				3E70F03C2D8B0557004BC604 /* StoreKit.framework in Frameworks */,
				3EEF79CB2D7FAE550038970D /* FirebaseAnalytics in Frameworks */,
			);
			runOnlyForDeploymentPostprocessing = 0;
		};
/* End PBXFrameworksBuildPhase section */

/* Begin PBXGroup section */
		3E8AF2EE2D768A8A002B1609 /* Frameworks */ = {
			isa = PBXGroup;
			children = (
				3E70F03B2D8B0557004BC604 /* StoreKit.framework */,
			);
			name = Frameworks;
			sourceTree = "<group>";
		};
		3EEE7B522D5AF00000FD40F3 = {
			isa = PBXGroup;
			children = (
				3EEE7B5D2D5AF00000FD40F3 /* AIChatbot */,
				3E3A6AB52D8E4CA8009E07B4 /* AIChatTests */,
				3E7177282D8EFFA9005499E9 /* AIChatUITests */,
				3E8AF2EE2D768A8A002B1609 /* Frameworks */,
				3EEE7B5C2D5AF00000FD40F3 /* Products */,
			);
			sourceTree = "<group>";
		};
		3EEE7B5C2D5AF00000FD40F3 /* Products */ = {
			isa = PBXGroup;
			children = (
				3EEE7B5B2D5AF00000FD40F3 /* AIChatbot.app */,
				3E3A6AB42D8E4CA8009E07B4 /* AIChatTests.xctest */,
				3E7177272D8EFFA9005499E9 /* AIChatUITests.xctest */,
			);
			name = Products;
			sourceTree = "<group>";
		};
/* End PBXGroup section */

/* Begin PBXNativeTarget section */
		3E3A6AB32D8E4CA8009E07B4 /* AIChatTests */ = {
			isa = PBXNativeTarget;
			buildConfigurationList = 3E3A6ABA2D8E4CA8009E07B4 /* Build configuration list for PBXNativeTarget "AIChatTests" */;
			buildPhases = (
				3E3A6AB02D8E4CA8009E07B4 /* Sources */,
				3E3A6AB12D8E4CA8009E07B4 /* Frameworks */,
				3E3A6AB22D8E4CA8009E07B4 /* Resources */,
			);
			buildRules = (
			);
			dependencies = (
				3E3A6AB92D8E4CA8009E07B4 /* PBXTargetDependency */,
			);
			fileSystemSynchronizedGroups = (
				3E3A6AB52D8E4CA8009E07B4 /* AIChatTests */,
			);
			name = AIChatTests;
			packageProductDependencies = (
			);
			productName = AIChatTests;
			productReference = 3E3A6AB42D8E4CA8009E07B4 /* AIChatTests.xctest */;
			productType = "com.apple.product-type.bundle.unit-test";
		};
		3E7177262D8EFFA9005499E9 /* AIChatUITests */ = {
			isa = PBXNativeTarget;
			buildConfigurationList = 3E71772F2D8EFFA9005499E9 /* Build configuration list for PBXNativeTarget "AIChatUITests" */;
			buildPhases = (
				3E7177232D8EFFA9005499E9 /* Sources */,
				3E7177242D8EFFA9005499E9 /* Frameworks */,
				3E7177252D8EFFA9005499E9 /* Resources */,
			);
			buildRules = (
			);
			dependencies = (
				3E71772E2D8EFFA9005499E9 /* PBXTargetDependency */,
			);
			fileSystemSynchronizedGroups = (
				3E7177282D8EFFA9005499E9 /* AIChatUITests */,
			);
			name = AIChatUITests;
			packageProductDependencies = (
			);
			productName = AIChatUITests;
			productReference = 3E7177272D8EFFA9005499E9 /* AIChatUITests.xctest */;
			productType = "com.apple.product-type.bundle.ui-testing";
		};
		3EEE7B5A2D5AF00000FD40F3 /* AIChatbot */ = {
			isa = PBXNativeTarget;
			buildConfigurationList = 3EEE7B7F2D5AF00100FD40F3 /* Build configuration list for PBXNativeTarget "AIChatbot" */;
			buildPhases = (
				3EEE7B572D5AF00000FD40F3 /* Sources */,
				3EEE7B582D5AF00000FD40F3 /* Frameworks */,
				3EEE7B592D5AF00000FD40F3 /* Resources */,
				3E4C86BF2D5B88BB00440703 /* ShellScript */,
				3EEF79D52D7FC22D0038970D /* ShellScript */,
			);
			buildRules = (
			);
			dependencies = (
			);
			fileSystemSynchronizedGroups = (
				3EEE7B5D2D5AF00000FD40F3 /* AIChatbot */,
			);
			name = AIChatbot;
			packageProductDependencies = (
				3E4C86E62D5BF3E400440703 /* SDWebImageSwiftUI */,
				3E99E7C82D6C074900BEB5B4 /* SwiftfulUtilities */,
				3E4D30B12D7509F40086239E /* FirebaseAuth */,
				3E4D30BC2D7516690086239E /* SignInAppleAsync */,
				3E8AF2EF2D768A8A002B1609 /* FirebaseFirestore */,
				3E8AF2F22D769096002B1609 /* SwiftfulFirestore */,
				3E50DCAC2D77D53100BC15B3 /* FirebaseStorage */,
				3EEF79CA2D7FAE550038970D /* FirebaseAnalytics */,
				3EEF79CF2D7FB8DB0038970D /* Mixpanel */,
				3EEF79D32D7FC1930038970D /* FirebaseCrashlytics */,
				3E7BD2812D8649A40091F2C3 /* FirebaseFunctions */,
				3E3A6A902D8A3588009E07B4 /* FirebaseRemoteConfig */,
				3E6BC5EA2D8C634E00268F31 /* RevenueCat */,
				3E6BC5EC2D8C634E00268F31 /* RevenueCatUI */,
				3E6C56DF2DA7F98700E9A8ED /* SwiftfulRouting */,
				3E6C56E22DA80E3D00E9A8ED /* SwiftfulAuthUI */,
				3E6C56E42DA80E3D00E9A8ED /* SwiftfulAuthenticating */,
				3E6C56E72DA80EA700E9A8ED /* SwiftfulAuthenticatingFirebase */,
			);
			productName = AIChatbot;
			productReference = 3EEE7B5B2D5AF00000FD40F3 /* AIChatbot.app */;
			productType = "com.apple.product-type.application";
		};
/* End PBXNativeTarget section */

/* Begin PBXProject section */
		3EEE7B532D5AF00000FD40F3 /* Project object */ = {
			isa = PBXProject;
			attributes = {
				BuildIndependentTargetsInParallel = 1;
				LastSwiftUpdateCheck = 1620;
				LastUpgradeCheck = 1610;
				TargetAttributes = {
					3E3A6AB32D8E4CA8009E07B4 = {
						CreatedOnToolsVersion = 16.2;
						TestTargetID = 3EEE7B5A2D5AF00000FD40F3;
					};
					3E7177262D8EFFA9005499E9 = {
						CreatedOnToolsVersion = 16.2;
						TestTargetID = 3EEE7B5A2D5AF00000FD40F3;
					};
					3EEE7B5A2D5AF00000FD40F3 = {
						CreatedOnToolsVersion = 16.1;
					};
				};
			};
			buildConfigurationList = 3EEE7B562D5AF00000FD40F3 /* Build configuration list for PBXProject "AIChatbot" */;
			developmentRegion = en;
			hasScannedForEncodings = 0;
			knownRegions = (
				en,
				Base,
			);
			mainGroup = 3EEE7B522D5AF00000FD40F3;
			minimizedProjectReferenceProxies = 1;
			packageReferences = (
				3E4C86E52D5BF3E400440703 /* XCRemoteSwiftPackageReference "SDWebImageSwiftUI" */,
				3E99E7C72D6C074900BEB5B4 /* XCRemoteSwiftPackageReference "SwiftfulUtilities" */,
				3E4D30B02D7509F40086239E /* XCRemoteSwiftPackageReference "firebase-ios-sdk" */,
				3E4D30BB2D7516690086239E /* XCRemoteSwiftPackageReference "SignInAppleAsync" */,
				3E8AF2F12D769096002B1609 /* XCRemoteSwiftPackageReference "SwiftfulFirestore" */,
				3EEF79CE2D7FB8DB0038970D /* XCRemoteSwiftPackageReference "mixpanel-swift" */,
				3E6BC5E92D8C634E00268F31 /* XCRemoteSwiftPackageReference "purchases-ios" */,
				3E6C56DE2DA7F98700E9A8ED /* XCRemoteSwiftPackageReference "SwiftfulRouting" */,
				3E6C56E12DA80E3D00E9A8ED /* XCRemoteSwiftPackageReference "SwiftfulAuthenticating" */,
				3E6C56E62DA80EA700E9A8ED /* XCRemoteSwiftPackageReference "SwiftfulAuthenticatingFirebase" */,
			);
			preferredProjectObjectVersion = 77;
			productRefGroup = 3EEE7B5C2D5AF00000FD40F3 /* Products */;
			projectDirPath = "";
			projectRoot = "";
			targets = (
				3EEE7B5A2D5AF00000FD40F3 /* AIChatbot */,
				3E3A6AB32D8E4CA8009E07B4 /* AIChatTests */,
				3E7177262D8EFFA9005499E9 /* AIChatUITests */,
			);
		};
/* End PBXProject section */

/* Begin PBXResourcesBuildPhase section */
		3E3A6AB22D8E4CA8009E07B4 /* Resources */ = {
			isa = PBXResourcesBuildPhase;
			buildActionMask = 2147483647;
			files = (
			);
			runOnlyForDeploymentPostprocessing = 0;
		};
		3E7177252D8EFFA9005499E9 /* Resources */ = {
			isa = PBXResourcesBuildPhase;
			buildActionMask = 2147483647;
			files = (
			);
			runOnlyForDeploymentPostprocessing = 0;
		};
		3EEE7B592D5AF00000FD40F3 /* Resources */ = {
			isa = PBXResourcesBuildPhase;
			buildActionMask = 2147483647;
			files = (
			);
			runOnlyForDeploymentPostprocessing = 0;
		};
/* End PBXResourcesBuildPhase section */

/* Begin PBXShellScriptBuildPhase section */
		3E4C86BF2D5B88BB00440703 /* ShellScript */ = {
			isa = PBXShellScriptBuildPhase;
			alwaysOutOfDate = 1;
			buildActionMask = 2147483647;
			files = (
			);
			inputFileListPaths = (
			);
			inputPaths = (
			);
			outputFileListPaths = (
			);
			outputPaths = (
			);
			runOnlyForDeploymentPostprocessing = 0;
			shellPath = /bin/sh;
			shellScript = "if [[ -z \"$CI\" ]]; then\n    if [[ \"$(uname -m)\" == arm64 ]]; then\n        export PATH=\"/opt/homebrew/bin:$PATH\"\n    fi\n\n    # Check if running in a SwiftUI preview\n    if [ \"$XCODE_RUNNING_FOR_PREVIEWS\" != \"1\" ]; then\n        if which swiftlint > /dev/null; then\n            swiftlint # Uncomment if you want to auto-fix: swiftlint --fix &&\n        else\n            echo \"warning: SwiftLint not installed, download from https://github.com/realm/SwiftLint\"\n        fi\n    fi\nelse \n    # Running Xcode Cloud\n    echo \"Running in Xcode Cloud. Skipping SwiftLint.\"\nfi\n";
			showEnvVarsInLog = 0;
		};
		3EEF79D52D7FC22D0038970D /* ShellScript */ = {
			isa = PBXShellScriptBuildPhase;
			alwaysOutOfDate = 1;
			buildActionMask = 2147483647;
			files = (
			);
			inputFileListPaths = (
			);
			inputPaths = (
				"${DWARF_DSYM_FOLDER_PATH}/${DWARF_DSYM_FILE_NAME}",
				"${DWARF_DSYM_FOLDER_PATH}/${DWARF_DSYM_FILE_NAME}/Contents/Resources/DWARF/${PRODUCT_NAME}",
				"${DWARF_DSYM_FOLDER_PATH}/${DWARF_DSYM_FILE_NAME}/Contents/Info.plist",
				"$(TARGET_BUILD_DIR)/$(UNLOCALIZED_RESOURCES_FOLDER_PATH)/GoogleService-Info.plist",
				"$(TARGET_BUILD_DIR)/$(EXECUTABLE_PATH)",
				"${DWARF_DSYM_FOLDER_PATH}/${DWARF_DSYM_FILE_NAME}/Contents/Resources/DWARF/${PRODUCT_NAME}.debug.dylib",
			);
			outputFileListPaths = (
			);
			outputPaths = (
			);
			runOnlyForDeploymentPostprocessing = 0;
			shellPath = /bin/sh;
			shellScript = "if [ \"${CONFIGURATION}\" == \"Debug\" ]; then\n  GOOGLE_SERVICE_INFO_PLIST=\"${PROJECT_DIR}/AIChatbot/GoogleServicePLists/GoogleService-Info-Dev.plist\"\nelif [ \"${CONFIGURATION}\" == \"Mock\" ]; then\n  echo \"Skipping Crashlytics upload for Mock configuration.\"\n  exit 0  # Use `exit 0` if `return` does not work in your environment\nelif [ \"${CONFIGURATION}\" == \"Release\" ]; then\n  GOOGLE_SERVICE_INFO_PLIST=\"${PROJECT_DIR}/AIChatbot/GoogleServicePLists/GoogleService-Info-Prod.plist\"\nelse\n  echo \"No matching build configuration found for GoogleService-Info.plist!\"\n  exit 1\nfi\n\n# Run the Crashlytics script with the selected plist file\n\n\"${BUILD_DIR%/Build/*}/SourcePackages/checkouts/firebase-ios-sdk/Crashlytics/run\" -gsp \"${GOOGLE_SERVICE_INFO_PLIST}\"\n";
		};
/* End PBXShellScriptBuildPhase section */

/* Begin PBXSourcesBuildPhase section */
		3E3A6AB02D8E4CA8009E07B4 /* Sources */ = {
			isa = PBXSourcesBuildPhase;
			buildActionMask = 2147483647;
			files = (
			);
			runOnlyForDeploymentPostprocessing = 0;
		};
		3E7177232D8EFFA9005499E9 /* Sources */ = {
			isa = PBXSourcesBuildPhase;
			buildActionMask = 2147483647;
			files = (
			);
			runOnlyForDeploymentPostprocessing = 0;
		};
		3EEE7B572D5AF00000FD40F3 /* Sources */ = {
			isa = PBXSourcesBuildPhase;
			buildActionMask = 2147483647;
			files = (
			);
			runOnlyForDeploymentPostprocessing = 0;
		};
/* End PBXSourcesBuildPhase section */

/* Begin PBXTargetDependency section */
		3E3A6AB92D8E4CA8009E07B4 /* PBXTargetDependency */ = {
			isa = PBXTargetDependency;
			target = 3EEE7B5A2D5AF00000FD40F3 /* AIChatbot */;
			targetProxy = 3E3A6AB82D8E4CA8009E07B4 /* PBXContainerItemProxy */;
		};
		3E71772E2D8EFFA9005499E9 /* PBXTargetDependency */ = {
			isa = PBXTargetDependency;
			target = 3EEE7B5A2D5AF00000FD40F3 /* AIChatbot */;
			targetProxy = 3E71772D2D8EFFA9005499E9 /* PBXContainerItemProxy */;
		};
/* End PBXTargetDependency section */

/* Begin XCBuildConfiguration section */
		3E3A6ABB2D8E4CA8009E07B4 /* Debug */ = {
			isa = XCBuildConfiguration;
			buildSettings = {
				BUNDLE_LOADER = "$(TEST_HOST)";
				CODE_SIGN_STYLE = Automatic;
				CURRENT_PROJECT_VERSION = 1;
				DEVELOPMENT_TEAM = G9RPYMS2PA;
				GENERATE_INFOPLIST_FILE = YES;
				IPHONEOS_DEPLOYMENT_TARGET = 18.1;
				MARKETING_VERSION = 1.0;
				PRODUCT_BUNDLE_IDENTIFIER = com.devsmond.AIChatTests;
				PRODUCT_NAME = "$(TARGET_NAME)";
				SUPPORTED_PLATFORMS = "iphoneos iphonesimulator";
				SUPPORTS_MACCATALYST = YES;
				SUPPORTS_MAC_DESIGNED_FOR_IPHONE_IPAD = NO;
				SUPPORTS_XR_DESIGNED_FOR_IPHONE_IPAD = NO;
				SWIFT_EMIT_LOC_STRINGS = NO;
				SWIFT_VERSION = 5.0;
				TARGETED_DEVICE_FAMILY = "1,2";
				TEST_HOST = "$(BUILT_PRODUCTS_DIR)/AIChatbot.app/$(BUNDLE_EXECUTABLE_FOLDER_PATH)/AIChatbot";
			};
			name = Debug;
		};
		3E3A6ABC2D8E4CA8009E07B4 /* Mock */ = {
			isa = XCBuildConfiguration;
			buildSettings = {
				BUNDLE_LOADER = "$(TEST_HOST)";
				CODE_SIGN_STYLE = Automatic;
				CURRENT_PROJECT_VERSION = 1;
				DEVELOPMENT_TEAM = G9RPYMS2PA;
				GENERATE_INFOPLIST_FILE = YES;
				IPHONEOS_DEPLOYMENT_TARGET = 18.0;
				MARKETING_VERSION = 1.0;
				PRODUCT_BUNDLE_IDENTIFIER = com.devsmond.AIChatTests;
				PRODUCT_NAME = "$(TARGET_NAME)";
				SUPPORTED_PLATFORMS = "iphoneos iphonesimulator";
				SUPPORTS_MACCATALYST = YES;
				SUPPORTS_MAC_DESIGNED_FOR_IPHONE_IPAD = NO;
				SUPPORTS_XR_DESIGNED_FOR_IPHONE_IPAD = NO;
				SWIFT_EMIT_LOC_STRINGS = NO;
				SWIFT_VERSION = 5.0;
				TARGETED_DEVICE_FAMILY = "1,2";
				TEST_HOST = "$(BUILT_PRODUCTS_DIR)/AIChatbot.app/$(BUNDLE_EXECUTABLE_FOLDER_PATH)/AIChatbot";
			};
			name = Mock;
		};
		3E3A6ABD2D8E4CA8009E07B4 /* Release */ = {
			isa = XCBuildConfiguration;
			buildSettings = {
				BUNDLE_LOADER = "$(TEST_HOST)";
				CODE_SIGN_STYLE = Automatic;
				CURRENT_PROJECT_VERSION = 1;
				DEVELOPMENT_TEAM = G9RPYMS2PA;
				GENERATE_INFOPLIST_FILE = YES;
				IPHONEOS_DEPLOYMENT_TARGET = 18.0;
				MARKETING_VERSION = 1.0;
				PRODUCT_BUNDLE_IDENTIFIER = com.devsmond.AIChatTests;
				PRODUCT_NAME = "$(TARGET_NAME)";
				SUPPORTED_PLATFORMS = "iphoneos iphonesimulator";
				SUPPORTS_MACCATALYST = YES;
				SUPPORTS_MAC_DESIGNED_FOR_IPHONE_IPAD = NO;
				SUPPORTS_XR_DESIGNED_FOR_IPHONE_IPAD = NO;
				SWIFT_EMIT_LOC_STRINGS = NO;
				SWIFT_VERSION = 5.0;
				TARGETED_DEVICE_FAMILY = "1,2";
				TEST_HOST = "$(BUILT_PRODUCTS_DIR)/AIChatbot.app/$(BUNDLE_EXECUTABLE_FOLDER_PATH)/AIChatbot";
			};
			name = Release;
		};
		3E4A95A72D7E02B400BFF944 /* Mock */ = {
			isa = XCBuildConfiguration;
			buildSettings = {
				ALWAYS_SEARCH_USER_PATHS = NO;
				ASSETCATALOG_COMPILER_GENERATE_SWIFT_ASSET_SYMBOL_EXTENSIONS = YES;
				CLANG_ANALYZER_NONNULL = YES;
				CLANG_ANALYZER_NUMBER_OBJECT_CONVERSION = YES_AGGRESSIVE;
				CLANG_CXX_LANGUAGE_STANDARD = "gnu++20";
				CLANG_ENABLE_MODULES = YES;
				CLANG_ENABLE_OBJC_ARC = YES;
				CLANG_ENABLE_OBJC_WEAK = YES;
				CLANG_WARN_BLOCK_CAPTURE_AUTORELEASING = YES;
				CLANG_WARN_BOOL_CONVERSION = YES;
				CLANG_WARN_COMMA = YES;
				CLANG_WARN_CONSTANT_CONVERSION = YES;
				CLANG_WARN_DEPRECATED_OBJC_IMPLEMENTATIONS = YES;
				CLANG_WARN_DIRECT_OBJC_ISA_USAGE = YES_ERROR;
				CLANG_WARN_DOCUMENTATION_COMMENTS = YES;
				CLANG_WARN_EMPTY_BODY = YES;
				CLANG_WARN_ENUM_CONVERSION = YES;
				CLANG_WARN_INFINITE_RECURSION = YES;
				CLANG_WARN_INT_CONVERSION = YES;
				CLANG_WARN_NON_LITERAL_NULL_CONVERSION = YES;
				CLANG_WARN_OBJC_IMPLICIT_RETAIN_SELF = YES;
				CLANG_WARN_OBJC_LITERAL_CONVERSION = YES;
				CLANG_WARN_OBJC_ROOT_CLASS = YES_ERROR;
				CLANG_WARN_QUOTED_INCLUDE_IN_FRAMEWORK_HEADER = YES;
				CLANG_WARN_RANGE_LOOP_ANALYSIS = YES;
				CLANG_WARN_STRICT_PROTOTYPES = YES;
				CLANG_WARN_SUSPICIOUS_MOVE = YES;
				CLANG_WARN_UNGUARDED_AVAILABILITY = YES_AGGRESSIVE;
				CLANG_WARN_UNREACHABLE_CODE = YES;
				CLANG_WARN__DUPLICATE_METHOD_MATCH = YES;
				COPY_PHASE_STRIP = NO;
				DEBUG_INFORMATION_FORMAT = dwarf;
				ENABLE_STRICT_OBJC_MSGSEND = YES;
				ENABLE_TESTABILITY = YES;
				ENABLE_USER_SCRIPT_SANDBOXING = YES;
				GCC_C_LANGUAGE_STANDARD = gnu17;
				GCC_DYNAMIC_NO_PIC = NO;
				GCC_NO_COMMON_BLOCKS = YES;
				GCC_OPTIMIZATION_LEVEL = 0;
				GCC_PREPROCESSOR_DEFINITIONS = (
					"DEBUG=1",
					"$(inherited)",
				);
				GCC_WARN_64_TO_32_BIT_CONVERSION = YES;
				GCC_WARN_ABOUT_RETURN_TYPE = YES_ERROR;
				GCC_WARN_UNDECLARED_SELECTOR = YES;
				GCC_WARN_UNINITIALIZED_AUTOS = YES_AGGRESSIVE;
				GCC_WARN_UNUSED_FUNCTION = YES;
				GCC_WARN_UNUSED_VARIABLE = YES;
				IPHONEOS_DEPLOYMENT_TARGET = 18.1;
				LOCALIZATION_PREFERS_STRING_CATALOGS = YES;
				MTL_ENABLE_DEBUG_INFO = INCLUDE_SOURCE;
				MTL_FAST_MATH = YES;
				ONLY_ACTIVE_ARCH = YES;
				OTHER_SWIFT_FLAGS = "-DMOCK";
				SDKROOT = iphoneos;
				SWIFT_ACTIVE_COMPILATION_CONDITIONS = "DEBUG $(inherited)";
				SWIFT_OPTIMIZATION_LEVEL = "-Onone";
			};
			name = Mock;
		};
		3E4A95A82D7E02B400BFF944 /* Mock */ = {
			isa = XCBuildConfiguration;
			buildSettings = {
				ASSETCATALOG_COMPILER_APPICON_NAME = AppIcon;
				ASSETCATALOG_COMPILER_GLOBAL_ACCENT_COLOR_NAME = AccentColor;
				CODE_SIGN_ENTITLEMENTS = AIChatbot/AIChatbot.entitlements;
				CODE_SIGN_STYLE = Automatic;
				CURRENT_PROJECT_VERSION = 5;
				DEBUG_INFORMATION_FORMAT = "dwarf-with-dsym";
				DEVELOPMENT_ASSET_PATHS = "\"AIChatbot/Preview Content\"";
				DEVELOPMENT_TEAM = G9RPYMS2PA;
				ENABLE_DEBUG_DYLIB = YES;
				ENABLE_PREVIEWS = YES;
				ENABLE_USER_SCRIPT_SANDBOXING = NO;
				GENERATE_INFOPLIST_FILE = YES;
				INFOPLIST_FILE = AIChatbot/Info.plist;
				INFOPLIST_KEY_CFBundleDisplayName = "AI Chat - Dev";
				INFOPLIST_KEY_NSCalendarsUsageDescription = "Need calendar permissions.";
				INFOPLIST_KEY_NSUserTrackingUsageDescription = "Your data will be used to deliver personalized ads and experiences";
				INFOPLIST_KEY_UIApplicationSceneManifest_Generation = YES;
				INFOPLIST_KEY_UIApplicationSupportsIndirectInputEvents = YES;
				INFOPLIST_KEY_UILaunchScreen_Generation = YES;
				INFOPLIST_KEY_UILaunchStoryboardName = LaunchScreen;
				INFOPLIST_KEY_UISupportedInterfaceOrientations = UIInterfaceOrientationPortrait;
				INFOPLIST_KEY_UISupportedInterfaceOrientations_iPad = "UIInterfaceOrientationLandscapeLeft UIInterfaceOrientationLandscapeRight UIInterfaceOrientationPortrait UIInterfaceOrientationPortraitUpsideDown";
				IPHONEOS_DEPLOYMENT_TARGET = 17.6;
				LD_RUNPATH_SEARCH_PATHS = (
					"$(inherited)",
					"@executable_path/Frameworks",
				);
				MARKETING_VERSION = 1.0;
				OTHER_LDFLAGS = "-ObjC";
				PRODUCT_BUNDLE_IDENTIFIER = com.devsmond.AIChat.mock;
				PRODUCT_NAME = "$(TARGET_NAME)";
				SUPPORTED_PLATFORMS = "iphoneos iphonesimulator";
				SUPPORTS_MACCATALYST = NO;
				SUPPORTS_MAC_DESIGNED_FOR_IPHONE_IPAD = NO;
				SUPPORTS_XR_DESIGNED_FOR_IPHONE_IPAD = NO;
				SWIFT_EMIT_LOC_STRINGS = YES;
				SWIFT_VERSION = 6.0;
				TARGETED_DEVICE_FAMILY = "1,2";
			};
			name = Mock;
		};
		3E7177302D8EFFA9005499E9 /* Debug */ = {
			isa = XCBuildConfiguration;
			buildSettings = {
				CODE_SIGN_STYLE = Automatic;
				CURRENT_PROJECT_VERSION = 1;
				DEVELOPMENT_TEAM = G9RPYMS2PA;
				GENERATE_INFOPLIST_FILE = YES;
				IPHONEOS_DEPLOYMENT_TARGET = 18.0;
				MARKETING_VERSION = 1.0;
				PRODUCT_BUNDLE_IDENTIFIER = com.devsmond.AIChatUITests;
				PRODUCT_NAME = "$(TARGET_NAME)";
				SUPPORTED_PLATFORMS = "iphoneos iphonesimulator";
				SUPPORTS_MACCATALYST = YES;
				SUPPORTS_MAC_DESIGNED_FOR_IPHONE_IPAD = NO;
				SUPPORTS_XR_DESIGNED_FOR_IPHONE_IPAD = NO;
				SWIFT_EMIT_LOC_STRINGS = NO;
				SWIFT_VERSION = 5.0;
				TARGETED_DEVICE_FAMILY = "1,2";
				TEST_TARGET_NAME = AIChatbot;
			};
			name = Debug;
		};
		3E7177312D8EFFA9005499E9 /* Mock */ = {
			isa = XCBuildConfiguration;
			buildSettings = {
				CODE_SIGN_STYLE = Automatic;
				CURRENT_PROJECT_VERSION = 1;
				DEVELOPMENT_TEAM = G9RPYMS2PA;
				GENERATE_INFOPLIST_FILE = YES;
				IPHONEOS_DEPLOYMENT_TARGET = 18.0;
				MARKETING_VERSION = 1.0;
				PRODUCT_BUNDLE_IDENTIFIER = com.devsmond.AIChatUITests;
				PRODUCT_NAME = "$(TARGET_NAME)";
				SUPPORTED_PLATFORMS = "iphoneos iphonesimulator";
				SUPPORTS_MACCATALYST = YES;
				SUPPORTS_MAC_DESIGNED_FOR_IPHONE_IPAD = NO;
				SUPPORTS_XR_DESIGNED_FOR_IPHONE_IPAD = NO;
				SWIFT_EMIT_LOC_STRINGS = NO;
				SWIFT_VERSION = 5.0;
				TARGETED_DEVICE_FAMILY = "1,2";
				TEST_TARGET_NAME = AIChatbot;
			};
			name = Mock;
		};
		3E7177322D8EFFA9005499E9 /* Release */ = {
			isa = XCBuildConfiguration;
			buildSettings = {
				CODE_SIGN_STYLE = Automatic;
				CURRENT_PROJECT_VERSION = 1;
				DEVELOPMENT_TEAM = G9RPYMS2PA;
				GENERATE_INFOPLIST_FILE = YES;
				IPHONEOS_DEPLOYMENT_TARGET = 18.0;
				MARKETING_VERSION = 1.0;
				PRODUCT_BUNDLE_IDENTIFIER = com.devsmond.AIChatUITests;
				PRODUCT_NAME = "$(TARGET_NAME)";
				SUPPORTED_PLATFORMS = "iphoneos iphonesimulator";
				SUPPORTS_MACCATALYST = YES;
				SUPPORTS_MAC_DESIGNED_FOR_IPHONE_IPAD = NO;
				SUPPORTS_XR_DESIGNED_FOR_IPHONE_IPAD = NO;
				SWIFT_EMIT_LOC_STRINGS = NO;
				SWIFT_VERSION = 5.0;
				TARGETED_DEVICE_FAMILY = "1,2";
				TEST_TARGET_NAME = AIChatbot;
			};
			name = Release;
		};
		3EEE7B7D2D5AF00100FD40F3 /* Debug */ = {
			isa = XCBuildConfiguration;
			buildSettings = {
				ALWAYS_SEARCH_USER_PATHS = NO;
				ASSETCATALOG_COMPILER_GENERATE_SWIFT_ASSET_SYMBOL_EXTENSIONS = YES;
				CLANG_ANALYZER_NONNULL = YES;
				CLANG_ANALYZER_NUMBER_OBJECT_CONVERSION = YES_AGGRESSIVE;
				CLANG_CXX_LANGUAGE_STANDARD = "gnu++20";
				CLANG_ENABLE_MODULES = YES;
				CLANG_ENABLE_OBJC_ARC = YES;
				CLANG_ENABLE_OBJC_WEAK = YES;
				CLANG_WARN_BLOCK_CAPTURE_AUTORELEASING = YES;
				CLANG_WARN_BOOL_CONVERSION = YES;
				CLANG_WARN_COMMA = YES;
				CLANG_WARN_CONSTANT_CONVERSION = YES;
				CLANG_WARN_DEPRECATED_OBJC_IMPLEMENTATIONS = YES;
				CLANG_WARN_DIRECT_OBJC_ISA_USAGE = YES_ERROR;
				CLANG_WARN_DOCUMENTATION_COMMENTS = YES;
				CLANG_WARN_EMPTY_BODY = YES;
				CLANG_WARN_ENUM_CONVERSION = YES;
				CLANG_WARN_INFINITE_RECURSION = YES;
				CLANG_WARN_INT_CONVERSION = YES;
				CLANG_WARN_NON_LITERAL_NULL_CONVERSION = YES;
				CLANG_WARN_OBJC_IMPLICIT_RETAIN_SELF = YES;
				CLANG_WARN_OBJC_LITERAL_CONVERSION = YES;
				CLANG_WARN_OBJC_ROOT_CLASS = YES_ERROR;
				CLANG_WARN_QUOTED_INCLUDE_IN_FRAMEWORK_HEADER = YES;
				CLANG_WARN_RANGE_LOOP_ANALYSIS = YES;
				CLANG_WARN_STRICT_PROTOTYPES = YES;
				CLANG_WARN_SUSPICIOUS_MOVE = YES;
				CLANG_WARN_UNGUARDED_AVAILABILITY = YES_AGGRESSIVE;
				CLANG_WARN_UNREACHABLE_CODE = YES;
				CLANG_WARN__DUPLICATE_METHOD_MATCH = YES;
				COPY_PHASE_STRIP = NO;
				DEBUG_INFORMATION_FORMAT = dwarf;
				ENABLE_STRICT_OBJC_MSGSEND = YES;
				ENABLE_TESTABILITY = YES;
				ENABLE_USER_SCRIPT_SANDBOXING = YES;
				GCC_C_LANGUAGE_STANDARD = gnu17;
				GCC_DYNAMIC_NO_PIC = NO;
				GCC_NO_COMMON_BLOCKS = YES;
				GCC_OPTIMIZATION_LEVEL = 0;
				GCC_PREPROCESSOR_DEFINITIONS = (
					"DEBUG=1",
					"$(inherited)",
				);
				GCC_WARN_64_TO_32_BIT_CONVERSION = YES;
				GCC_WARN_ABOUT_RETURN_TYPE = YES_ERROR;
				GCC_WARN_UNDECLARED_SELECTOR = YES;
				GCC_WARN_UNINITIALIZED_AUTOS = YES_AGGRESSIVE;
				GCC_WARN_UNUSED_FUNCTION = YES;
				GCC_WARN_UNUSED_VARIABLE = YES;
				IPHONEOS_DEPLOYMENT_TARGET = 18.1;
				LOCALIZATION_PREFERS_STRING_CATALOGS = YES;
				MTL_ENABLE_DEBUG_INFO = INCLUDE_SOURCE;
				MTL_FAST_MATH = YES;
				ONLY_ACTIVE_ARCH = YES;
				OTHER_SWIFT_FLAGS = "-DDEV";
				SDKROOT = iphoneos;
				SWIFT_ACTIVE_COMPILATION_CONDITIONS = "DEBUG $(inherited)";
				SWIFT_OPTIMIZATION_LEVEL = "-Onone";
			};
			name = Debug;
		};
		3EEE7B7E2D5AF00100FD40F3 /* Release */ = {
			isa = XCBuildConfiguration;
			buildSettings = {
				ALWAYS_SEARCH_USER_PATHS = NO;
				ASSETCATALOG_COMPILER_GENERATE_SWIFT_ASSET_SYMBOL_EXTENSIONS = YES;
				CLANG_ANALYZER_NONNULL = YES;
				CLANG_ANALYZER_NUMBER_OBJECT_CONVERSION = YES_AGGRESSIVE;
				CLANG_CXX_LANGUAGE_STANDARD = "gnu++20";
				CLANG_ENABLE_MODULES = YES;
				CLANG_ENABLE_OBJC_ARC = YES;
				CLANG_ENABLE_OBJC_WEAK = YES;
				CLANG_WARN_BLOCK_CAPTURE_AUTORELEASING = YES;
				CLANG_WARN_BOOL_CONVERSION = YES;
				CLANG_WARN_COMMA = YES;
				CLANG_WARN_CONSTANT_CONVERSION = YES;
				CLANG_WARN_DEPRECATED_OBJC_IMPLEMENTATIONS = YES;
				CLANG_WARN_DIRECT_OBJC_ISA_USAGE = YES_ERROR;
				CLANG_WARN_DOCUMENTATION_COMMENTS = YES;
				CLANG_WARN_EMPTY_BODY = YES;
				CLANG_WARN_ENUM_CONVERSION = YES;
				CLANG_WARN_INFINITE_RECURSION = YES;
				CLANG_WARN_INT_CONVERSION = YES;
				CLANG_WARN_NON_LITERAL_NULL_CONVERSION = YES;
				CLANG_WARN_OBJC_IMPLICIT_RETAIN_SELF = YES;
				CLANG_WARN_OBJC_LITERAL_CONVERSION = YES;
				CLANG_WARN_OBJC_ROOT_CLASS = YES_ERROR;
				CLANG_WARN_QUOTED_INCLUDE_IN_FRAMEWORK_HEADER = YES;
				CLANG_WARN_RANGE_LOOP_ANALYSIS = YES;
				CLANG_WARN_STRICT_PROTOTYPES = YES;
				CLANG_WARN_SUSPICIOUS_MOVE = YES;
				CLANG_WARN_UNGUARDED_AVAILABILITY = YES_AGGRESSIVE;
				CLANG_WARN_UNREACHABLE_CODE = YES;
				CLANG_WARN__DUPLICATE_METHOD_MATCH = YES;
				COPY_PHASE_STRIP = NO;
				DEBUG_INFORMATION_FORMAT = "dwarf-with-dsym";
				ENABLE_NS_ASSERTIONS = NO;
				ENABLE_STRICT_OBJC_MSGSEND = YES;
				ENABLE_USER_SCRIPT_SANDBOXING = YES;
				GCC_C_LANGUAGE_STANDARD = gnu17;
				GCC_NO_COMMON_BLOCKS = YES;
				GCC_WARN_64_TO_32_BIT_CONVERSION = YES;
				GCC_WARN_ABOUT_RETURN_TYPE = YES_ERROR;
				GCC_WARN_UNDECLARED_SELECTOR = YES;
				GCC_WARN_UNINITIALIZED_AUTOS = YES_AGGRESSIVE;
				GCC_WARN_UNUSED_FUNCTION = YES;
				GCC_WARN_UNUSED_VARIABLE = YES;
				IPHONEOS_DEPLOYMENT_TARGET = 18.1;
				LOCALIZATION_PREFERS_STRING_CATALOGS = YES;
				MTL_ENABLE_DEBUG_INFO = NO;
				MTL_FAST_MATH = YES;
				SDKROOT = iphoneos;
				SWIFT_COMPILATION_MODE = wholemodule;
				VALIDATE_PRODUCT = YES;
			};
			name = Release;
		};
		3EEE7B802D5AF00100FD40F3 /* Debug */ = {
			isa = XCBuildConfiguration;
			buildSettings = {
				ASSETCATALOG_COMPILER_APPICON_NAME = AppIcon;
				ASSETCATALOG_COMPILER_GLOBAL_ACCENT_COLOR_NAME = AccentColor;
				CODE_SIGN_ENTITLEMENTS = AIChatbot/AIChatbot.entitlements;
				CODE_SIGN_STYLE = Automatic;
				CURRENT_PROJECT_VERSION = 5;
				DEBUG_INFORMATION_FORMAT = "dwarf-with-dsym";
				DEVELOPMENT_ASSET_PATHS = "\"AIChatbot/Preview Content\"";
				DEVELOPMENT_TEAM = G9RPYMS2PA;
				ENABLE_DEBUG_DYLIB = YES;
				ENABLE_PREVIEWS = YES;
				ENABLE_USER_SCRIPT_SANDBOXING = NO;
				GENERATE_INFOPLIST_FILE = YES;
				INFOPLIST_FILE = AIChatbot/Info.plist;
				INFOPLIST_KEY_CFBundleDisplayName = "AI Chat - Dev";
				INFOPLIST_KEY_NSCalendarsUsageDescription = "Need calendar permissions.";
				INFOPLIST_KEY_NSUserTrackingUsageDescription = "Your data will be used to deliver personalized ads and experiences";
				INFOPLIST_KEY_UIApplicationSceneManifest_Generation = YES;
				INFOPLIST_KEY_UIApplicationSupportsIndirectInputEvents = YES;
				INFOPLIST_KEY_UILaunchScreen_Generation = YES;
				INFOPLIST_KEY_UILaunchStoryboardName = LaunchScreen;
				INFOPLIST_KEY_UISupportedInterfaceOrientations = UIInterfaceOrientationPortrait;
				INFOPLIST_KEY_UISupportedInterfaceOrientations_iPad = "UIInterfaceOrientationLandscapeLeft UIInterfaceOrientationLandscapeRight UIInterfaceOrientationPortrait UIInterfaceOrientationPortraitUpsideDown";
				IPHONEOS_DEPLOYMENT_TARGET = 17.6;
				LD_RUNPATH_SEARCH_PATHS = (
					"$(inherited)",
					"@executable_path/Frameworks",
				);
				MARKETING_VERSION = 1.0;
				OTHER_LDFLAGS = "-ObjC";
				PRODUCT_BUNDLE_IDENTIFIER = com.devsmond.AIChat.dev;
				PRODUCT_NAME = "$(TARGET_NAME)";
				SUPPORTED_PLATFORMS = "iphoneos iphonesimulator";
				SUPPORTS_MACCATALYST = NO;
				SUPPORTS_MAC_DESIGNED_FOR_IPHONE_IPAD = NO;
				SUPPORTS_XR_DESIGNED_FOR_IPHONE_IPAD = NO;
				SWIFT_EMIT_LOC_STRINGS = YES;
				SWIFT_VERSION = 6.0;
				TARGETED_DEVICE_FAMILY = "1,2";
			};
			name = Debug;
		};
		3EEE7B812D5AF00100FD40F3 /* Release */ = {
			isa = XCBuildConfiguration;
			buildSettings = {
				ASSETCATALOG_COMPILER_APPICON_NAME = AppIcon;
				ASSETCATALOG_COMPILER_GLOBAL_ACCENT_COLOR_NAME = AccentColor;
				CODE_SIGN_ENTITLEMENTS = AIChatbot/AIChatbot.entitlements;
				CODE_SIGN_STYLE = Automatic;
				CURRENT_PROJECT_VERSION = 5;
				DEBUG_INFORMATION_FORMAT = "dwarf-with-dsym";
				DEVELOPMENT_ASSET_PATHS = "\"AIChatbot/Preview Content\"";
				DEVELOPMENT_TEAM = G9RPYMS2PA;
				ENABLE_DEBUG_DYLIB = YES;
				ENABLE_PREVIEWS = YES;
				ENABLE_USER_SCRIPT_SANDBOXING = NO;
				GENERATE_INFOPLIST_FILE = YES;
				INFOPLIST_FILE = AIChatbot/Info.plist;
				INFOPLIST_KEY_CFBundleDisplayName = "AI Chat - Dev";
				INFOPLIST_KEY_NSCalendarsUsageDescription = "Need calendar permissions.";
				INFOPLIST_KEY_NSUserTrackingUsageDescription = "Your data will be used to deliver personalized ads and experiences";
				INFOPLIST_KEY_UIApplicationSceneManifest_Generation = YES;
				INFOPLIST_KEY_UIApplicationSupportsIndirectInputEvents = YES;
				INFOPLIST_KEY_UILaunchScreen_Generation = YES;
				INFOPLIST_KEY_UILaunchStoryboardName = LaunchScreen;
				INFOPLIST_KEY_UISupportedInterfaceOrientations = UIInterfaceOrientationPortrait;
				INFOPLIST_KEY_UISupportedInterfaceOrientations_iPad = "UIInterfaceOrientationLandscapeLeft UIInterfaceOrientationLandscapeRight UIInterfaceOrientationPortrait UIInterfaceOrientationPortraitUpsideDown";
				IPHONEOS_DEPLOYMENT_TARGET = 17.6;
				LD_RUNPATH_SEARCH_PATHS = (
					"$(inherited)",
					"@executable_path/Frameworks",
				);
				MARKETING_VERSION = 1.0;
				OTHER_LDFLAGS = "-ObjC";
				PRODUCT_BUNDLE_IDENTIFIER = com.devsmond.AIChat;
				PRODUCT_NAME = "$(TARGET_NAME)";
				SUPPORTED_PLATFORMS = "iphoneos iphonesimulator";
				SUPPORTS_MACCATALYST = NO;
				SUPPORTS_MAC_DESIGNED_FOR_IPHONE_IPAD = NO;
				SUPPORTS_XR_DESIGNED_FOR_IPHONE_IPAD = NO;
				SWIFT_EMIT_LOC_STRINGS = YES;
				SWIFT_VERSION = 6.0;
				TARGETED_DEVICE_FAMILY = "1,2";
			};
			name = Release;
		};
/* End XCBuildConfiguration section */

/* Begin XCConfigurationList section */
		3E3A6ABA2D8E4CA8009E07B4 /* Build configuration list for PBXNativeTarget "AIChatTests" */ = {
			isa = XCConfigurationList;
			buildConfigurations = (
				3E3A6ABB2D8E4CA8009E07B4 /* Debug */,
				3E3A6ABC2D8E4CA8009E07B4 /* Mock */,
				3E3A6ABD2D8E4CA8009E07B4 /* Release */,
			);
			defaultConfigurationIsVisible = 0;
			defaultConfigurationName = Release;
		};
		3E71772F2D8EFFA9005499E9 /* Build configuration list for PBXNativeTarget "AIChatUITests" */ = {
			isa = XCConfigurationList;
			buildConfigurations = (
				3E7177302D8EFFA9005499E9 /* Debug */,
				3E7177312D8EFFA9005499E9 /* Mock */,
				3E7177322D8EFFA9005499E9 /* Release */,
			);
			defaultConfigurationIsVisible = 0;
			defaultConfigurationName = Release;
		};
		3EEE7B562D5AF00000FD40F3 /* Build configuration list for PBXProject "AIChatbot" */ = {
			isa = XCConfigurationList;
			buildConfigurations = (
				3EEE7B7D2D5AF00100FD40F3 /* Debug */,
				3E4A95A72D7E02B400BFF944 /* Mock */,
				3EEE7B7E2D5AF00100FD40F3 /* Release */,
			);
			defaultConfigurationIsVisible = 0;
			defaultConfigurationName = Release;
		};
		3EEE7B7F2D5AF00100FD40F3 /* Build configuration list for PBXNativeTarget "AIChatbot" */ = {
			isa = XCConfigurationList;
			buildConfigurations = (
				3EEE7B802D5AF00100FD40F3 /* Debug */,
				3E4A95A82D7E02B400BFF944 /* Mock */,
				3EEE7B812D5AF00100FD40F3 /* Release */,
			);
			defaultConfigurationIsVisible = 0;
			defaultConfigurationName = Release;
		};
/* End XCConfigurationList section */

/* Begin XCRemoteSwiftPackageReference section */
		3E4C86E52D5BF3E400440703 /* XCRemoteSwiftPackageReference "SDWebImageSwiftUI" */ = {
			isa = XCRemoteSwiftPackageReference;
			repositoryURL = "https://github.com/SDWebImage/SDWebImageSwiftUI.git";
			requirement = {
				kind = upToNextMajorVersion;
				minimumVersion = 3.1.3;
			};
		};
		3E4D30B02D7509F40086239E /* XCRemoteSwiftPackageReference "firebase-ios-sdk" */ = {
			isa = XCRemoteSwiftPackageReference;
			repositoryURL = "https://github.com/firebase/firebase-ios-sdk";
			requirement = {
				kind = upToNextMajorVersion;
				minimumVersion = 11.9.0;
			};
		};
		3E4D30BB2D7516690086239E /* XCRemoteSwiftPackageReference "SignInAppleAsync" */ = {
			isa = XCRemoteSwiftPackageReference;
			repositoryURL = "https://github.com/SwiftfulThinking/SignInAppleAsync.git";
			requirement = {
				kind = upToNextMajorVersion;
				minimumVersion = 1.0.0;
			};
		};
		3E6BC5E92D8C634E00268F31 /* XCRemoteSwiftPackageReference "purchases-ios" */ = {
			isa = XCRemoteSwiftPackageReference;
			repositoryURL = "https://github.com/RevenueCat/purchases-ios.git";
			requirement = {
				kind = upToNextMajorVersion;
				minimumVersion = 5.20.0;
			};
		};
		3E6C56DE2DA7F98700E9A8ED /* XCRemoteSwiftPackageReference "SwiftfulRouting" */ = {
			isa = XCRemoteSwiftPackageReference;
			repositoryURL = "https://github.com/SwiftfulThinking/SwiftfulRouting.git";
			requirement = {
				kind = upToNextMajorVersion;
				minimumVersion = 5.3.6;
			};
		};
		3E6C56E12DA80E3D00E9A8ED /* XCRemoteSwiftPackageReference "SwiftfulAuthenticating" */ = {
			isa = XCRemoteSwiftPackageReference;
			repositoryURL = "https://github.com/SwiftfulThinking/SwiftfulAuthenticating.git";
			requirement = {
				kind = upToNextMajorVersion;
				minimumVersion = 1.0.10;
			};
		};
		3E6C56E62DA80EA700E9A8ED /* XCRemoteSwiftPackageReference "SwiftfulAuthenticatingFirebase" */ = {
			isa = XCRemoteSwiftPackageReference;
			repositoryURL = "https://github.com/SwiftfulThinking/SwiftfulAuthenticatingFirebase.git";
			requirement = {
				kind = upToNextMajorVersion;
				minimumVersion = 1.0.8;
			};
		};
		3E8AF2F12D769096002B1609 /* XCRemoteSwiftPackageReference "SwiftfulFirestore" */ = {
			isa = XCRemoteSwiftPackageReference;
			repositoryURL = "https://github.com/SwiftfulThinking/SwiftfulFirestore";
			requirement = {
				kind = upToNextMajorVersion;
				minimumVersion = 11.0.2;
			};
		};
		3E99E7C72D6C074900BEB5B4 /* XCRemoteSwiftPackageReference "SwiftfulUtilities" */ = {
			isa = XCRemoteSwiftPackageReference;
			repositoryURL = "https://github.com/SwiftfulThinking/SwiftfulUtilities.git";
			requirement = {
				kind = upToNextMajorVersion;
				minimumVersion = 1.1.6;
			};
		};
		3EEF79CE2D7FB8DB0038970D /* XCRemoteSwiftPackageReference "mixpanel-swift" */ = {
			isa = XCRemoteSwiftPackageReference;
			repositoryURL = "https://github.com/mixpanel/mixpanel-swift.git";
			requirement = {
				kind = upToNextMajorVersion;
				minimumVersion = 4.0.0;
			};
		};
/* End XCRemoteSwiftPackageReference section */

/* Begin XCSwiftPackageProductDependency section */
		3E3A6A902D8A3588009E07B4 /* FirebaseRemoteConfig */ = {
			isa = XCSwiftPackageProductDependency;
			package = 3E4D30B02D7509F40086239E /* XCRemoteSwiftPackageReference "firebase-ios-sdk" */;
			productName = FirebaseRemoteConfig;
		};
		3E4C86E62D5BF3E400440703 /* SDWebImageSwiftUI */ = {
			isa = XCSwiftPackageProductDependency;
			package = 3E4C86E52D5BF3E400440703 /* XCRemoteSwiftPackageReference "SDWebImageSwiftUI" */;
			productName = SDWebImageSwiftUI;
		};
		3E4D30B12D7509F40086239E /* FirebaseAuth */ = {
			isa = XCSwiftPackageProductDependency;
			package = 3E4D30B02D7509F40086239E /* XCRemoteSwiftPackageReference "firebase-ios-sdk" */;
			productName = FirebaseAuth;
		};
		3E4D30BC2D7516690086239E /* SignInAppleAsync */ = {
			isa = XCSwiftPackageProductDependency;
			package = 3E4D30BB2D7516690086239E /* XCRemoteSwiftPackageReference "SignInAppleAsync" */;
			productName = SignInAppleAsync;
		};
		3E50DCAC2D77D53100BC15B3 /* FirebaseStorage */ = {
			isa = XCSwiftPackageProductDependency;
			package = 3E4D30B02D7509F40086239E /* XCRemoteSwiftPackageReference "firebase-ios-sdk" */;
			productName = FirebaseStorage;
		};
		3E6BC5EA2D8C634E00268F31 /* RevenueCat */ = {
			isa = XCSwiftPackageProductDependency;
			package = 3E6BC5E92D8C634E00268F31 /* XCRemoteSwiftPackageReference "purchases-ios" */;
			productName = RevenueCat;
		};
		3E6BC5EC2D8C634E00268F31 /* RevenueCatUI */ = {
			isa = XCSwiftPackageProductDependency;
			package = 3E6BC5E92D8C634E00268F31 /* XCRemoteSwiftPackageReference "purchases-ios" */;
			productName = RevenueCatUI;
		};
		3E6C56DF2DA7F98700E9A8ED /* SwiftfulRouting */ = {
			isa = XCSwiftPackageProductDependency;
			package = 3E6C56DE2DA7F98700E9A8ED /* XCRemoteSwiftPackageReference "SwiftfulRouting" */;
			productName = SwiftfulRouting;
		};
		3E6C56E22DA80E3D00E9A8ED /* SwiftfulAuthUI */ = {
			isa = XCSwiftPackageProductDependency;
			package = 3E6C56E12DA80E3D00E9A8ED /* XCRemoteSwiftPackageReference "SwiftfulAuthenticating" */;
			productName = SwiftfulAuthUI;
		};
		3E6C56E42DA80E3D00E9A8ED /* SwiftfulAuthenticating */ = {
			isa = XCSwiftPackageProductDependency;
			package = 3E6C56E12DA80E3D00E9A8ED /* XCRemoteSwiftPackageReference "SwiftfulAuthenticating" */;
			productName = SwiftfulAuthenticating;
		};
		3E6C56E72DA80EA700E9A8ED /* SwiftfulAuthenticatingFirebase */ = {
			isa = XCSwiftPackageProductDependency;
			package = 3E6C56E62DA80EA700E9A8ED /* XCRemoteSwiftPackageReference "SwiftfulAuthenticatingFirebase" */;
			productName = SwiftfulAuthenticatingFirebase;
		};
		3E7BD2812D8649A40091F2C3 /* FirebaseFunctions */ = {
			isa = XCSwiftPackageProductDependency;
			package = 3E4D30B02D7509F40086239E /* XCRemoteSwiftPackageReference "firebase-ios-sdk" */;
			productName = FirebaseFunctions;
		};
		3E8AF2EF2D768A8A002B1609 /* FirebaseFirestore */ = {
			isa = XCSwiftPackageProductDependency;
			package = 3E4D30B02D7509F40086239E /* XCRemoteSwiftPackageReference "firebase-ios-sdk" */;
			productName = FirebaseFirestore;
		};
		3E8AF2F22D769096002B1609 /* SwiftfulFirestore */ = {
			isa = XCSwiftPackageProductDependency;
			package = 3E8AF2F12D769096002B1609 /* XCRemoteSwiftPackageReference "SwiftfulFirestore" */;
			productName = SwiftfulFirestore;
		};
		3E99E7C82D6C074900BEB5B4 /* SwiftfulUtilities */ = {
			isa = XCSwiftPackageProductDependency;
			package = 3E99E7C72D6C074900BEB5B4 /* XCRemoteSwiftPackageReference "SwiftfulUtilities" */;
			productName = SwiftfulUtilities;
		};
		3EEF79CA2D7FAE550038970D /* FirebaseAnalytics */ = {
			isa = XCSwiftPackageProductDependency;
			package = 3E4D30B02D7509F40086239E /* XCRemoteSwiftPackageReference "firebase-ios-sdk" */;
			productName = FirebaseAnalytics;
		};
		3EEF79CF2D7FB8DB0038970D /* Mixpanel */ = {
			isa = XCSwiftPackageProductDependency;
			package = 3EEF79CE2D7FB8DB0038970D /* XCRemoteSwiftPackageReference "mixpanel-swift" */;
			productName = Mixpanel;
		};
		3EEF79D32D7FC1930038970D /* FirebaseCrashlytics */ = {
			isa = XCSwiftPackageProductDependency;
			package = 3E4D30B02D7509F40086239E /* XCRemoteSwiftPackageReference "firebase-ios-sdk" */;
			productName = FirebaseCrashlytics;
		};
/* End XCSwiftPackageProductDependency section */
	};
	rootObject = 3EEE7B532D5AF00000FD40F3 /* Project object */;
}
